{
  "version": 4,
  "terraform_version": "1.9.3",
  "serial": 1,
  "lineage": "b0998575-4155-0b80-5b7f-f3028ec052fb",
  "outputs": {},
  "resources": [
    {
      "mode": "managed",
      "type": "spotify_playlist",
      "name": "Kpop",
      "provider": "provider[\"registry.terraform.io/conradludgate/spotify\"]",
      "instances": [
        {
          "status": "tainted",
          "schema_version": 0,
          "attributes": {
            "description": null,
            "id": "3dvPpDGtBEpp4NskeAE6iB",
            "name": "Kpop",
            "public": true,
            "snapshot_id": null,
            "tracks": [
              "9c606f449e904b9d"
            ]
          },
          "sensitive_attributes": [],
          "private": "bnVsbA=="
        }
      ]
    }
  ],
  "check_results": null
}
